<Solution>
  <Folder Name="/src/">
    <Project Path="src/KsaMods.Api/KsaMods.Api.csproj" />
    <Project Path="src/KsaMods.Cli/KsaMods.Cli.csproj" />
    <Project Path="src/KsaMods.Exporter/KsaMods.Exporter.csproj" />
    <Project Path="src/KsaMods.Metadata/KsaMods.Metadata.csproj" />
    <Project Path="src/KsaMods.Resolver/KsaMods.Resolver.csproj" />
    <Project Path="src/KsaMods.Validation/KsaMods.Validation.csproj" />
    <Project Path="src/KsaMods.Validator.Host/KsaMods.Validator.Host.csproj" />
    <Project Path="src/KsaMods.Worker/KsaMods.Worker.csproj" />
  </Folder>
  <Folder Name="/tests/">
    <Project Path="tests/KsaMods.Tests/KsaMods.Tests.csproj" />
  </Folder>
</Solution>
